
Microsoft Visual Studio Solution File, Format Version 11.00
# Visual Studio 2010
Project("{FAE04EC0-301F-11D3-BF4B-00C04F79EFBC}") = "Assembly-CSharp-firstpass", "Assembly-CSharp-firstpass.csproj", "{c9d681b6-3d36-fe89-5ded-06a16423079f}"
EndProject
Project("{FAE04EC0-301F-11D3-BF4B-00C04F79EFBC}") = "Assembly-CSharp", "Assembly-CSharp.csproj", "{6f9c1efd-9b4c-6cfe-c58c-38c8f2eebb13}"
EndProject
Global
	GlobalSection(SolutionConfigurationPlatforms) = preSolution
		Debug|Any CPU = Debug|Any CPU
	EndGlobalSection
	GlobalSection(ProjectConfigurationPlatforms) = postSolution
		{c9d681b6-3d36-fe89-5ded-06a16423079f}.Debug|Any CPU.ActiveCfg = Debug|Any CPU
		{c9d681b6-3d36-fe89-5ded-06a16423079f}.Debug|Any CPU.Build.0 = Debug|Any CPU
		{6f9c1efd-9b4c-6cfe-c58c-38c8f2eebb13}.Debug|Any CPU.ActiveCfg = Debug|Any CPU
		{6f9c1efd-9b4c-6cfe-c58c-38c8f2eebb13}.Debug|Any CPU.Build.0 = Debug|Any CPU
	EndGlobalSection
	GlobalSection(SolutionProperties) = preSolution
		HideSolutionNode = FALSE
	EndGlobalSection
EndGlobal
